
Microsoft Visual Studio Solution File, Format Version 12.00
# Visual Studio Version 17
VisualStudioVersion = 17.4.33103.184
MinimumVisualStudioVersion = 10.0.40219.1
Project("{FAE04EC0-301F-11D3-BF4B-00C04F79EFBC}") = "webapi.event+.tarde", "webapi.event+.tarde.csproj", "{57856FDC-E8C7-4169-ADAC-2B72FC486D5C}"
EndProject
Global
	GlobalSection(SolutionConfigurationPlatforms) = preSolution
		Debug|Any CPU = Debug|Any CPU
		Release|Any CPU = Release|Any CPU
	EndGlobalSection
	GlobalSection(ProjectConfigurationPlatforms) = postSolution
		{57856FDC-E8C7-4169-ADAC-2B72FC486D5C}.Debug|Any CPU.ActiveCfg = Debug|Any CPU
		{57856FDC-E8C7-4169-ADAC-2B72FC486D5C}.Debug|Any CPU.Build.0 = Debug|Any CPU
		{57856FDC-E8C7-4169-ADAC-2B72FC486D5C}.Release|Any CPU.ActiveCfg = Release|Any CPU
		{57856FDC-E8C7-4169-ADAC-2B72FC486D5C}.Release|Any CPU.Build.0 = Release|Any CPU
	EndGlobalSection
	GlobalSection(SolutionProperties) = preSolution
		HideSolutionNode = FALSE
	EndGlobalSection
	GlobalSection(ExtensibilityGlobals) = postSolution
		SolutionGuid = {04E166EC-782F-414E-8602-13597F38620B}
	EndGlobalSection
EndGlobal
