
Microsoft Visual Studio Solution File, Format Version 12.00
# Visual Studio Version 17
VisualStudioVersion = 17.5.002.0
MinimumVisualStudioVersion = 10.0.40219.1
Project("{9A19103F-16F7-4668-BE54-9A1E7A4F7556}") = "Exercicio 4", "Exercicio 4.csproj", "{02E3821B-F9A8-4536-A3C2-4D9BF974EB40}"
EndProject
Global
	GlobalSection(SolutionConfigurationPlatforms) = preSolution
		Debug|Any CPU = Debug|Any CPU
		Release|Any CPU = Release|Any CPU
	EndGlobalSection
	GlobalSection(ProjectConfigurationPlatforms) = postSolution
		{02E3821B-F9A8-4536-A3C2-4D9BF974EB40}.Debug|Any CPU.ActiveCfg = Debug|Any CPU
		{02E3821B-F9A8-4536-A3C2-4D9BF974EB40}.Debug|Any CPU.Build.0 = Debug|Any CPU
		{02E3821B-F9A8-4536-A3C2-4D9BF974EB40}.Release|Any CPU.ActiveCfg = Release|Any CPU
		{02E3821B-F9A8-4536-A3C2-4D9BF974EB40}.Release|Any CPU.Build.0 = Release|Any CPU
	EndGlobalSection
	GlobalSection(SolutionProperties) = preSolution
		HideSolutionNode = FALSE
	EndGlobalSection
	GlobalSection(ExtensibilityGlobals) = postSolution
		SolutionGuid = {A1D01DC3-7E5C-4750-AC6B-4DF51BBFA446}
	EndGlobalSection
EndGlobal
