
Microsoft Visual Studio Solution File, Format Version 12.00
# Visual Studio Version 17
VisualStudioVersion = 17.8.34511.84
MinimumVisualStudioVersion = 10.0.40219.1
Project("{FAE04EC0-301F-11D3-BF4B-00C04F79EFBC}") = "ControleInventarioV2", "ControleInventarioV2\ControleInventarioV2.csproj", "{08474F08-58BA-4B1A-B35E-FD65A0C845AF}"
EndProject
Global
	GlobalSection(SolutionConfigurationPlatforms) = preSolution
		Debug|Any CPU = Debug|Any CPU
		Release|Any CPU = Release|Any CPU
	EndGlobalSection
	GlobalSection(ProjectConfigurationPlatforms) = postSolution
		{08474F08-58BA-4B1A-B35E-FD65A0C845AF}.Debug|Any CPU.ActiveCfg = Debug|Any CPU
		{08474F08-58BA-4B1A-B35E-FD65A0C845AF}.Debug|Any CPU.Build.0 = Debug|Any CPU
		{08474F08-58BA-4B1A-B35E-FD65A0C845AF}.Release|Any CPU.ActiveCfg = Release|Any CPU
		{08474F08-58BA-4B1A-B35E-FD65A0C845AF}.Release|Any CPU.Build.0 = Release|Any CPU
	EndGlobalSection
	GlobalSection(SolutionProperties) = preSolution
		HideSolutionNode = FALSE
	EndGlobalSection
	GlobalSection(ExtensibilityGlobals) = postSolution
		SolutionGuid = {654D60B6-BBCC-45FF-83F7-CFAD38652641}
	EndGlobalSection
EndGlobal
